<?xml version="1.0" encoding="utf-8"?>
<Project ToolsVersion="16.0" xmlns="http://schemas.microsoft.com/developer/msbuild/2003">
  <ItemGroup>
    <ClCompile Include="E:\RPX\gitpod\zed-examples-master\tutorials\tutorial 1 - hello ZED\main.cpp">
      <Filter>Source Files</Filter>
    </ClCompile>
  </ItemGroup>
  <ItemGroup>
    <CustomBuild Include="E:\RPX\gitpod\zed-examples-master\tutorials\tutorial 1 - hello ZED\CMakeLists.txt" />
  </ItemGroup>
  <ItemGroup>
    <Filter Include="Source Files">
      <UniqueIdentifier>{6A4E7696-FE46-3FB4-BB5D-BADCD44BC8BA}</UniqueIdentifier>
    </Filter>
  </ItemGroup>
</Project>
